// !$*UTF8*$!
{
	archiveVersion = 1;
	classes = {
	};
	objectVersion = 46;
	objects = {

/* Begin PBXBuildFile section */
		D95AF12E1D425D170091B0F0 /* AppDelegate.swift in Sources */ = {isa = PBXBuildFile; fileRef = D95AF12D1D425D170091B0F0 /* AppDelegate.swift */; };
		D95AF1301D425D170091B0F0 /* ViewController.swift in Sources */ = {isa = PBXBuildFile; fileRef = D95AF12F1D425D170091B0F0 /* ViewController.swift */; };
		D95AF1331D425D170091B0F0 /* Main.storyboard in Resources */ = {isa = PBXBuildFile; fileRef = D95AF1311D425D170091B0F0 /* Main.storyboard */; };
		D95AF1351D425D170091B0F0 /* Assets.xcassets in Resources */ = {isa = PBXBuildFile; fileRef = D95AF1341D425D170091B0F0 /* Assets.xcassets */; };
		D95AF1381D425D170091B0F0 /* LaunchScreen.storyboard in Resources */ = {isa = PBXBuildFile; fileRef = D95AF1361D425D170091B0F0 /* LaunchScreen.storyboard */; };
		D95AF1411D425E1E0091B0F0 /* CorrectDing.wav in Resources */ = {isa = PBXBuildFile; fileRef = D95AF13F1D425E1E0091B0F0 /* CorrectDing.wav */; };
		D95AF1421D425E1E0091B0F0 /* IncorrectBuzz.wav in Resources */ = {isa = PBXBuildFile; fileRef = D95AF1401D425E1E0091B0F0 /* IncorrectBuzz.wav */; };
		D95AF1501D425F5A0091B0F0 /* down_full_selected.png in Resources */ = {isa = PBXBuildFile; fileRef = D95AF1431D425F5A0091B0F0 /* down_full_selected.png */; };
		D95AF1511D425F5A0091B0F0 /* down_full.png in Resources */ = {isa = PBXBuildFile; fileRef = D95AF1441D425F5A0091B0F0 /* down_full.png */; };
		D95AF1521D425F5A0091B0F0 /* down_half_selected.png in Resources */ = {isa = PBXBuildFile; fileRef = D95AF1451D425F5A0091B0F0 /* down_half_selected.png */; };
		D95AF1531D425F5A0091B0F0 /* down_half.png in Resources */ = {isa = PBXBuildFile; fileRef = D95AF1461D425F5A0091B0F0 /* down_half.png */; };
		D95AF1541D425F5A0091B0F0 /* next_round_fail.png in Resources */ = {isa = PBXBuildFile; fileRef = D95AF1471D425F5A0091B0F0 /* next_round_fail.png */; };
		D95AF1551D425F5A0091B0F0 /* next_round_success.png in Resources */ = {isa = PBXBuildFile; fileRef = D95AF1481D425F5A0091B0F0 /* next_round_success.png */; };
		D95AF1561D425F5A0091B0F0 /* play_again.png in Resources */ = {isa = PBXBuildFile; fileRef = D95AF1491D425F5A0091B0F0 /* play_again.png */; };
		D95AF1571D425F5A0091B0F0 /* splash_screen.png in Resources */ = {isa = PBXBuildFile; fileRef = D95AF14A1D425F5A0091B0F0 /* splash_screen.png */; };
		D95AF1581D425F5A0091B0F0 /* up_full_selected.png in Resources */ = {isa = PBXBuildFile; fileRef = D95AF14B1D425F5A0091B0F0 /* up_full_selected.png */; };
		D95AF1591D425F5A0091B0F0 /* up_full.png in Resources */ = {isa = PBXBuildFile; fileRef = D95AF14C1D425F5A0091B0F0 /* up_full.png */; };
		D95AF15A1D425F5A0091B0F0 /* up_half_selected.png in Resources */ = {isa = PBXBuildFile; fileRef = D95AF14D1D425F5A0091B0F0 /* up_half_selected.png */; };
		D95AF15B1D425F5A0091B0F0 /* up_half.png in Resources */ = {isa = PBXBuildFile; fileRef = D95AF14E1D425F5A0091B0F0 /* up_half.png */; };
		D95AF15C1D425F5A0091B0F0 /* webview_bar.png in Resources */ = {isa = PBXBuildFile; fileRef = D95AF14F1D425F5A0091B0F0 /* webview_bar.png */; };
		D95AF1651D42952C0091B0F0 /* Info.png in Resources */ = {isa = PBXBuildFile; fileRef = D95AF1641D42952C0091B0F0 /* Info.png */; };
		D95AF1671D42984C0091B0F0 /* gameLogo.png in Resources */ = {isa = PBXBuildFile; fileRef = D95AF1661D42984C0091B0F0 /* gameLogo.png */; };
		D99C7DDC1D465C13008E4CAD /* Click.wav in Resources */ = {isa = PBXBuildFile; fileRef = D99C7DDB1D465C13008E4CAD /* Click.wav */; };
		D99C7DDE1D465D4D008E4CAD /* ResultSound.wav in Resources */ = {isa = PBXBuildFile; fileRef = D99C7DDD1D465D4D008E4CAD /* ResultSound.wav */; };
		D99C7DE01D465EA0008E4CAD /* Go.wav in Resources */ = {isa = PBXBuildFile; fileRef = D99C7DDF1D465EA0008E4CAD /* Go.wav */; };
		D99C7DE21D466037008E4CAD /* Welcome.wav in Resources */ = {isa = PBXBuildFile; fileRef = D99C7DE11D466037008E4CAD /* Welcome.wav */; };
		D9B4DD7D1D45745700C5F9CE /* InfosViewController.swift in Sources */ = {isa = PBXBuildFile; fileRef = D9B4DD7C1D45745700C5F9CE /* InfosViewController.swift */; };
		D9D70D391D42B595006BF196 /* Rounds.plist in Resources */ = {isa = PBXBuildFile; fileRef = D9D70D381D42B595006BF196 /* Rounds.plist */; };
		D9D70D3D1D42CA91006BF196 /* BoutTimeModel.swift in Sources */ = {isa = PBXBuildFile; fileRef = D9D70D3C1D42CA91006BF196 /* BoutTimeModel.swift */; };
/* End PBXBuildFile section */

/* Begin PBXFileReference section */
		D95AF12A1D425D170091B0F0 /* boutTime.app */ = {isa = PBXFileReference; explicitFileType = wrapper.application; includeInIndex = 0; path = boutTime.app; sourceTree = BUILT_PRODUCTS_DIR; };
		D95AF12D1D425D170091B0F0 /* AppDelegate.swift */ = {isa = PBXFileReference; lastKnownFileType = sourcecode.swift; path = AppDelegate.swift; sourceTree = "<group>"; };
		D95AF12F1D425D170091B0F0 /* ViewController.swift */ = {isa = PBXFileReference; lastKnownFileType = sourcecode.swift; path = ViewController.swift; sourceTree = "<group>"; };
		D95AF1321D425D170091B0F0 /* Base */ = {isa = PBXFileReference; lastKnownFileType = file.storyboard; name = Base; path = Base.lproj/Main.storyboard; sourceTree = "<group>"; };
		D95AF1341D425D170091B0F0 /* Assets.xcassets */ = {isa = PBXFileReference; lastKnownFileType = folder.assetcatalog; path = Assets.xcassets; sourceTree = "<group>"; };
		D95AF1371D425D170091B0F0 /* Base */ = {isa = PBXFileReference; lastKnownFileType = file.storyboard; name = Base; path = Base.lproj/LaunchScreen.storyboard; sourceTree = "<group>"; };
		D95AF1391D425D170091B0F0 /* Info.plist */ = {isa = PBXFileReference; lastKnownFileType = text.plist.xml; path = Info.plist; sourceTree = "<group>"; };
		D95AF13F1D425E1E0091B0F0 /* CorrectDing.wav */ = {isa = PBXFileReference; lastKnownFileType = audio.wav; path = CorrectDing.wav; sourceTree = "<group>"; };
		D95AF1401D425E1E0091B0F0 /* IncorrectBuzz.wav */ = {isa = PBXFileReference; lastKnownFileType = audio.wav; path = IncorrectBuzz.wav; sourceTree = "<group>"; };
		D95AF1431D425F5A0091B0F0 /* down_full_selected.png */ = {isa = PBXFileReference; lastKnownFileType = image.png; path = down_full_selected.png; sourceTree = "<group>"; };
		D95AF1441D425F5A0091B0F0 /* down_full.png */ = {isa = PBXFileReference; lastKnownFileType = image.png; path = down_full.png; sourceTree = "<group>"; };
		D95AF1451D425F5A0091B0F0 /* down_half_selected.png */ = {isa = PBXFileReference; lastKnownFileType = image.png; path = down_half_selected.png; sourceTree = "<group>"; };
		D95AF1461D425F5A0091B0F0 /* down_half.png */ = {isa = PBXFileReference; lastKnownFileType = image.png; path = down_half.png; sourceTree = "<group>"; };
		D95AF1471D425F5A0091B0F0 /* next_round_fail.png */ = {isa = PBXFileReference; lastKnownFileType = image.png; path = next_round_fail.png; sourceTree = "<group>"; };
		D95AF1481D425F5A0091B0F0 /* next_round_success.png */ = {isa = PBXFileReference; lastKnownFileType = image.png; path = next_round_success.png; sourceTree = "<group>"; };
		D95AF1491D425F5A0091B0F0 /* play_again.png */ = {isa = PBXFileReference; lastKnownFileType = image.png; path = play_again.png; sourceTree = "<group>"; };
		D95AF14A1D425F5A0091B0F0 /* splash_screen.png */ = {isa = PBXFileReference; lastKnownFileType = image.png; path = splash_screen.png; sourceTree = "<group>"; };
		D95AF14B1D425F5A0091B0F0 /* up_full_selected.png */ = {isa = PBXFileReference; lastKnownFileType = image.png; path = up_full_selected.png; sourceTree = "<group>"; };
		D95AF14C1D425F5A0091B0F0 /* up_full.png */ = {isa = PBXFileReference; lastKnownFileType = image.png; path = up_full.png; sourceTree = "<group>"; };
		D95AF14D1D425F5A0091B0F0 /* up_half_selected.png */ = {isa = PBXFileReference; lastKnownFileType = image.png; path = up_half_selected.png; sourceTree = "<group>"; };
		D95AF14E1D425F5A0091B0F0 /* up_half.png */ = {isa = PBXFileReference; lastKnownFileType = image.png; path = up_half.png; sourceTree = "<group>"; };
		D95AF14F1D425F5A0091B0F0 /* webview_bar.png */ = {isa = PBXFileReference; lastKnownFileType = image.png; path = webview_bar.png; sourceTree = "<group>"; };
		D95AF1641D42952C0091B0F0 /* Info.png */ = {isa = PBXFileReference; lastKnownFileType = image.png; path = Info.png; sourceTree = "<group>"; };
		D95AF1661D42984C0091B0F0 /* gameLogo.png */ = {isa = PBXFileReference; lastKnownFileType = image.png; path = gameLogo.png; sourceTree = "<group>"; };
		D99C7DDB1D465C13008E4CAD /* Click.wav */ = {isa = PBXFileReference; lastKnownFileType = audio.wav; path = Click.wav; sourceTree = "<group>"; };
		D99C7DDD1D465D4D008E4CAD /* ResultSound.wav */ = {isa = PBXFileReference; lastKnownFileType = audio.wav; path = ResultSound.wav; sourceTree = "<group>"; };
		D99C7DDF1D465EA0008E4CAD /* Go.wav */ = {isa = PBXFileReference; lastKnownFileType = audio.wav; path = Go.wav; sourceTree = "<group>"; };
		D99C7DE11D466037008E4CAD /* Welcome.wav */ = {isa = PBXFileReference; lastKnownFileType = audio.wav; path = Welcome.wav; sourceTree = "<group>"; };
		D9B4DD7C1D45745700C5F9CE /* InfosViewController.swift */ = {isa = PBXFileReference; fileEncoding = 4; lastKnownFileType = sourcecode.swift; path = InfosViewController.swift; sourceTree = "<group>"; };
		D9D70D381D42B595006BF196 /* Rounds.plist */ = {isa = PBXFileReference; fileEncoding = 4; lastKnownFileType = text.plist.xml; path = Rounds.plist; sourceTree = "<group>"; };
		D9D70D3C1D42CA91006BF196 /* BoutTimeModel.swift */ = {isa = PBXFileReference; fileEncoding = 4; lastKnownFileType = sourcecode.swift; path = BoutTimeModel.swift; sourceTree = "<group>"; };
/* End PBXFileReference section */

/* Begin PBXFrameworksBuildPhase section */
		D95AF1271D425D170091B0F0 /* Frameworks */ = {
			isa = PBXFrameworksBuildPhase;
			buildActionMask = 2147483647;
			files = (
			);
			runOnlyForDeploymentPostprocessing = 0;
		};
/* End PBXFrameworksBuildPhase section */

/* Begin PBXGroup section */
		D95AF1211D425D160091B0F0 = {
			isa = PBXGroup;
			children = (
				D95AF12C1D425D170091B0F0 /* boutTime */,
				D95AF12B1D425D170091B0F0 /* Products */,
			);
			sourceTree = "<group>";
		};
		D95AF12B1D425D170091B0F0 /* Products */ = {
			isa = PBXGroup;
			children = (
				D95AF12A1D425D170091B0F0 /* boutTime.app */,
			);
			name = Products;
			sourceTree = "<group>";
		};
		D95AF12C1D425D170091B0F0 /* boutTime */ = {
			isa = PBXGroup;
			children = (
				D95AF12D1D425D170091B0F0 /* AppDelegate.swift */,
				D95AF12F1D425D170091B0F0 /* ViewController.swift */,
				D9B4DD7C1D45745700C5F9CE /* InfosViewController.swift */,
				D9D70D3C1D42CA91006BF196 /* BoutTimeModel.swift */,
				D95AF1311D425D170091B0F0 /* Main.storyboard */,
				D95AF1341D425D170091B0F0 /* Assets.xcassets */,
				D95AF1361D425D170091B0F0 /* LaunchScreen.storyboard */,
				D95AF1391D425D170091B0F0 /* Info.plist */,
				D95AF15D1D425F6C0091B0F0 /* Assets */,
			);
			path = boutTime;
			sourceTree = "<group>";
		};
		D95AF15D1D425F6C0091B0F0 /* Assets */ = {
			isa = PBXGroup;
			children = (
				D9D70D381D42B595006BF196 /* Rounds.plist */,
				D95AF15E1D425F760091B0F0 /* Sounds */,
				D95AF15F1D425F810091B0F0 /* Images */,
			);
			name = Assets;
			sourceTree = "<group>";
		};
		D95AF15E1D425F760091B0F0 /* Sounds */ = {
			isa = PBXGroup;
			children = (
				D99C7DE11D466037008E4CAD /* Welcome.wav */,
				D95AF13F1D425E1E0091B0F0 /* CorrectDing.wav */,
				D99C7DDB1D465C13008E4CAD /* Click.wav */,
				D99C7DDF1D465EA0008E4CAD /* Go.wav */,
				D99C7DDD1D465D4D008E4CAD /* ResultSound.wav */,
				D95AF1401D425E1E0091B0F0 /* IncorrectBuzz.wav */,
			);
			name = Sounds;
			sourceTree = "<group>";
		};
		D95AF15F1D425F810091B0F0 /* Images */ = {
			isa = PBXGroup;
			children = (
				D95AF1431D425F5A0091B0F0 /* down_full_selected.png */,
				D95AF1441D425F5A0091B0F0 /* down_full.png */,
				D95AF1451D425F5A0091B0F0 /* down_half_selected.png */,
				D95AF1461D425F5A0091B0F0 /* down_half.png */,
				D95AF1471D425F5A0091B0F0 /* next_round_fail.png */,
				D95AF1481D425F5A0091B0F0 /* next_round_success.png */,
				D95AF1491D425F5A0091B0F0 /* play_again.png */,
				D95AF14A1D425F5A0091B0F0 /* splash_screen.png */,
				D95AF14B1D425F5A0091B0F0 /* up_full_selected.png */,
				D95AF14C1D425F5A0091B0F0 /* up_full.png */,
				D95AF14D1D425F5A0091B0F0 /* up_half_selected.png */,
				D95AF14E1D425F5A0091B0F0 /* up_half.png */,
				D95AF14F1D425F5A0091B0F0 /* webview_bar.png */,
				D95AF1641D42952C0091B0F0 /* Info.png */,
				D95AF1661D42984C0091B0F0 /* gameLogo.png */,
			);
			name = Images;
			sourceTree = "<group>";
		};
/* End PBXGroup section */

/* Begin PBXNativeTarget section */
		D95AF1291D425D170091B0F0 /* boutTime */ = {
			isa = PBXNativeTarget;
			buildConfigurationList = D95AF13C1D425D170091B0F0 /* Build configuration list for PBXNativeTarget "boutTime" */;
			buildPhases = (
				D95AF1261D425D170091B0F0 /* Sources */,
				D95AF1271D425D170091B0F0 /* Frameworks */,
				D95AF1281D425D170091B0F0 /* Resources */,
			);
			buildRules = (
			);
			dependencies = (
			);
			name = boutTime;
			productName = boutTime;
			productReference = D95AF12A1D425D170091B0F0 /* boutTime.app */;
			productType = "com.apple.product-type.application";
		};
/* End PBXNativeTarget section */

/* Begin PBXProject section */
		D95AF1221D425D160091B0F0 /* Project object */ = {
			isa = PBXProject;
			attributes = {
				LastSwiftUpdateCheck = 0730;
				LastUpgradeCheck = 0730;
				ORGANIZATIONNAME = TumTum;
				TargetAttributes = {
					D95AF1291D425D170091B0F0 = {
						CreatedOnToolsVersion = 7.3.1;
						DevelopmentTeam = 626E3DWQYQ;
					};
				};
			};
			buildConfigurationList = D95AF1251D425D160091B0F0 /* Build configuration list for PBXProject "boutTime" */;
			compatibilityVersion = "Xcode 3.2";
			developmentRegion = English;
			hasScannedForEncodings = 0;
			knownRegions = (
				en,
				Base,
			);
			mainGroup = D95AF1211D425D160091B0F0;
			productRefGroup = D95AF12B1D425D170091B0F0 /* Products */;
			projectDirPath = "";
			projectRoot = "";
			targets = (
				D95AF1291D425D170091B0F0 /* boutTime */,
			);
		};
/* End PBXProject section */

/* Begin PBXResourcesBuildPhase section */
		D95AF1281D425D170091B0F0 /* Resources */ = {
			isa = PBXResourcesBuildPhase;
			buildActionMask = 2147483647;
			files = (
				D95AF1381D425D170091B0F0 /* LaunchScreen.storyboard in Resources */,
				D95AF1421D425E1E0091B0F0 /* IncorrectBuzz.wav in Resources */,
				D95AF1511D425F5A0091B0F0 /* down_full.png in Resources */,
				D95AF1521D425F5A0091B0F0 /* down_half_selected.png in Resources */,
				D95AF1351D425D170091B0F0 /* Assets.xcassets in Resources */,
				D99C7DDC1D465C13008E4CAD /* Click.wav in Resources */,
				D95AF15C1D425F5A0091B0F0 /* webview_bar.png in Resources */,
				D99C7DDE1D465D4D008E4CAD /* ResultSound.wav in Resources */,
				D95AF1671D42984C0091B0F0 /* gameLogo.png in Resources */,
				D95AF1531D425F5A0091B0F0 /* down_half.png in Resources */,
				D99C7DE21D466037008E4CAD /* Welcome.wav in Resources */,
				D95AF1581D425F5A0091B0F0 /* up_full_selected.png in Resources */,
				D95AF1561D425F5A0091B0F0 /* play_again.png in Resources */,
				D95AF1501D425F5A0091B0F0 /* down_full_selected.png in Resources */,
				D95AF1651D42952C0091B0F0 /* Info.png in Resources */,
				D9D70D391D42B595006BF196 /* Rounds.plist in Resources */,
				D95AF1331D425D170091B0F0 /* Main.storyboard in Resources */,
				D99C7DE01D465EA0008E4CAD /* Go.wav in Resources */,
				D95AF1551D425F5A0091B0F0 /* next_round_success.png in Resources */,
				D95AF15B1D425F5A0091B0F0 /* up_half.png in Resources */,
				D95AF1591D425F5A0091B0F0 /* up_full.png in Resources */,
				D95AF1571D425F5A0091B0F0 /* splash_screen.png in Resources */,
				D95AF1411D425E1E0091B0F0 /* CorrectDing.wav in Resources */,
				D95AF15A1D425F5A0091B0F0 /* up_half_selected.png in Resources */,
				D95AF1541D425F5A0091B0F0 /* next_round_fail.png in Resources */,
			);
			runOnlyForDeploymentPostprocessing = 0;
		};
/* End PBXResourcesBuildPhase section */

/* Begin PBXSourcesBuildPhase section */
		D95AF1261D425D170091B0F0 /* Sources */ = {
			isa = PBXSourcesBuildPhase;
			buildActionMask = 2147483647;
			files = (
				D95AF1301D425D170091B0F0 /* ViewController.swift in Sources */,
				D95AF12E1D425D170091B0F0 /* AppDelegate.swift in Sources */,
				D9B4DD7D1D45745700C5F9CE /* InfosViewController.swift in Sources */,
				D9D70D3D1D42CA91006BF196 /* BoutTimeModel.swift in Sources */,
			);
			runOnlyForDeploymentPostprocessing = 0;
		};
/* End PBXSourcesBuildPhase section */

/* Begin PBXVariantGroup section */
		D95AF1311D425D170091B0F0 /* Main.storyboard */ = {
			isa = PBXVariantGroup;
			children = (
				D95AF1321D425D170091B0F0 /* Base */,
			);
			name = Main.storyboard;
			sourceTree = "<group>";
		};
		D95AF1361D425D170091B0F0 /* LaunchScreen.storyboard */ = {
			isa = PBXVariantGroup;
			children = (
				D95AF1371D425D170091B0F0 /* Base */,
			);
			name = LaunchScreen.storyboard;
			sourceTree = "<group>";
		};
/* End PBXVariantGroup section */

/* Begin XCBuildConfiguration section */
		D95AF13A1D425D170091B0F0 /* Debug */ = {
			isa = XCBuildConfiguration;
			buildSettings = {
				ALWAYS_SEARCH_USER_PATHS = NO;
				CLANG_ANALYZER_NONNULL = YES;
				CLANG_CXX_LANGUAGE_STANDARD = "gnu++0x";
				CLANG_CXX_LIBRARY = "libc++";
				CLANG_ENABLE_MODULES = YES;
				CLANG_ENABLE_OBJC_ARC = YES;
				CLANG_WARN_BOOL_CONVERSION = YES;
				CLANG_WARN_CONSTANT_CONVERSION = YES;
				CLANG_WARN_DIRECT_OBJC_ISA_USAGE = YES_ERROR;
				CLANG_WARN_EMPTY_BODY = YES;
				CLANG_WARN_ENUM_CONVERSION = YES;
				CLANG_WARN_INT_CONVERSION = YES;
				CLANG_WARN_OBJC_ROOT_CLASS = YES_ERROR;
				CLANG_WARN_UNREACHABLE_CODE = YES;
				CLANG_WARN__DUPLICATE_METHOD_MATCH = YES;
				"CODE_SIGN_IDENTITY[sdk=iphoneos*]" = "iPhone Developer";
				COPY_PHASE_STRIP = NO;
				DEBUG_INFORMATION_FORMAT = dwarf;
				ENABLE_STRICT_OBJC_MSGSEND = YES;
				ENABLE_TESTABILITY = YES;
				GCC_C_LANGUAGE_STANDARD = gnu99;
				GCC_DYNAMIC_NO_PIC = NO;
				GCC_NO_COMMON_BLOCKS = YES;
				GCC_OPTIMIZATION_LEVEL = 0;
				GCC_PREPROCESSOR_DEFINITIONS = (
					"DEBUG=1",
					"$(inherited)",
				);
				GCC_WARN_64_TO_32_BIT_CONVERSION = YES;
				GCC_WARN_ABOUT_RETURN_TYPE = YES_ERROR;
				GCC_WARN_UNDECLARED_SELECTOR = YES;
				GCC_WARN_UNINITIALIZED_AUTOS = YES_AGGRESSIVE;
				GCC_WARN_UNUSED_FUNCTION = YES;
				GCC_WARN_UNUSED_VARIABLE = YES;
				IPHONEOS_DEPLOYMENT_TARGET = 9.3;
				MTL_ENABLE_DEBUG_INFO = YES;
				ONLY_ACTIVE_ARCH = YES;
				SDKROOT = iphoneos;
				SWIFT_OPTIMIZATION_LEVEL = "-Onone";
				TARGETED_DEVICE_FAMILY = "1,2";
			};
			name = Debug;
		};
		D95AF13B1D425D170091B0F0 /* Release */ = {
			isa = XCBuildConfiguration;
			buildSettings = {
				ALWAYS_SEARCH_USER_PATHS = NO;
				CLANG_ANALYZER_NONNULL = YES;
				CLANG_CXX_LANGUAGE_STANDARD = "gnu++0x";
				CLANG_CXX_LIBRARY = "libc++";
				CLANG_ENABLE_MODULES = YES;
				CLANG_ENABLE_OBJC_ARC = YES;
				CLANG_WARN_BOOL_CONVERSION = YES;
				CLANG_WARN_CONSTANT_CONVERSION = YES;
				CLANG_WARN_DIRECT_OBJC_ISA_USAGE = YES_ERROR;
				CLANG_WARN_EMPTY_BODY = YES;
				CLANG_WARN_ENUM_CONVERSION = YES;
				CLANG_WARN_INT_CONVERSION = YES;
				CLANG_WARN_OBJC_ROOT_CLASS = YES_ERROR;
				CLANG_WARN_UNREACHABLE_CODE = YES;
				CLANG_WARN__DUPLICATE_METHOD_MATCH = YES;
				"CODE_SIGN_IDENTITY[sdk=iphoneos*]" = "iPhone Developer";
				COPY_PHASE_STRIP = NO;
				DEBUG_INFORMATION_FORMAT = "dwarf-with-dsym";
				ENABLE_NS_ASSERTIONS = NO;
				ENABLE_STRICT_OBJC_MSGSEND = YES;
				GCC_C_LANGUAGE_STANDARD = gnu99;
				GCC_NO_COMMON_BLOCKS = YES;
				GCC_WARN_64_TO_32_BIT_CONVERSION = YES;
				GCC_WARN_ABOUT_RETURN_TYPE = YES_ERROR;
				GCC_WARN_UNDECLARED_SELECTOR = YES;
				GCC_WARN_UNINITIALIZED_AUTOS = YES_AGGRESSIVE;
				GCC_WARN_UNUSED_FUNCTION = YES;
				GCC_WARN_UNUSED_VARIABLE = YES;
				IPHONEOS_DEPLOYMENT_TARGET = 9.3;
				MTL_ENABLE_DEBUG_INFO = NO;
				SDKROOT = iphoneos;
				TARGETED_DEVICE_FAMILY = "1,2";
				VALIDATE_PRODUCT = YES;
			};
			name = Release;
		};
		D95AF13D1D425D170091B0F0 /* Debug */ = {
			isa = XCBuildConfiguration;
			buildSettings = {
				ASSETCATALOG_COMPILER_APPICON_NAME = AppIcon;
				INFOPLIST_FILE = boutTime/Info.plist;
				LD_RUNPATH_SEARCH_PATHS = "$(inherited) @executable_path/Frameworks";
				PRODUCT_BUNDLE_IDENTIFIER = TumTum.boutTime;
				PRODUCT_NAME = "$(TARGET_NAME)";
				TARGETED_DEVICE_FAMILY = 1;
			};
			name = Debug;
		};
		D95AF13E1D425D170091B0F0 /* Release */ = {
			isa = XCBuildConfiguration;
			buildSettings = {
				ASSETCATALOG_COMPILER_APPICON_NAME = AppIcon;
				INFOPLIST_FILE = boutTime/Info.plist;
				LD_RUNPATH_SEARCH_PATHS = "$(inherited) @executable_path/Frameworks";
				PRODUCT_BUNDLE_IDENTIFIER = TumTum.boutTime;
				PRODUCT_NAME = "$(TARGET_NAME)";
				TARGETED_DEVICE_FAMILY = 1;
			};
			name = Release;
		};
/* End XCBuildConfiguration section */

/* Begin XCConfigurationList section */
		D95AF1251D425D160091B0F0 /* Build configuration list for PBXProject "boutTime" */ = {
			isa = XCConfigurationList;
			buildConfigurations = (
				D95AF13A1D425D170091B0F0 /* Debug */,
				D95AF13B1D425D170091B0F0 /* Release */,
			);
			defaultConfigurationIsVisible = 0;
			defaultConfigurationName = Release;
		};
		D95AF13C1D425D170091B0F0 /* Build configuration list for PBXNativeTarget "boutTime" */ = {
			isa = XCConfigurationList;
			buildConfigurations = (
				D95AF13D1D425D170091B0F0 /* Debug */,
				D95AF13E1D425D170091B0F0 /* Release */,
			);
			defaultConfigurationIsVisible = 0;
			defaultConfigurationName = Release;
		};
/* End XCConfigurationList section */
	};
	rootObject = D95AF1221D425D160091B0F0 /* Project object */;
}
